
Microsoft Visual Studio Solution File, Format Version 12.00
# Visual Studio Version 16
VisualStudioVersion = 16.0.29519.181
MinimumVisualStudioVersion = 10.0.40219.1
Project("{2150E333-8FDC-42A3-9474-1A3956D46DE8}") = "Application", "Application", "{DE45341B-5FCF-4600-9D1A-CD58CA937E94}"
EndProject
Project("{2150E333-8FDC-42A3-9474-1A3956D46DE8}") = "Domain", "Domain", "{63C6C7F7-67F5-4F16-8B80-56384BEA09C2}"
EndProject
Project("{2150E333-8FDC-42A3-9474-1A3956D46DE8}") = "Infra.IoC", "Infra.IoC", "{0164F9EC-D49F-49AF-B7F1-0D376B02C87E}"
EndProject
Project("{2150E333-8FDC-42A3-9474-1A3956D46DE8}") = "Infra.Data", "Infra.Data", "{D9A77EE8-86BF-4852-85F5-9E448DDF88E8}"
EndProject
Project("{2150E333-8FDC-42A3-9474-1A3956D46DE8}") = "Presentation", "Presentation", "{8E6EDE72-B70F-4FDE-B7A2-1E84D9E8F2A9}"
EndProject
Project("{9A19103F-16F7-4668-BE54-9A1E7A4F7556}") = "CleanArch.Mvc", "CleanArch.Mvc\CleanArch.Mvc.csproj", "{41BB3555-BCC8-4A6D-9593-7CF6D3A34D7B}"
EndProject
Project("{FAE04EC0-301F-11D3-BF4B-00C04F79EFBC}") = "CleanArch.Domain", "CleanArch.Domain\CleanArch.Domain.csproj", "{3B2BF8B5-3B2E-44F4-B77F-C634916582B6}"
EndProject
Project("{FAE04EC0-301F-11D3-BF4B-00C04F79EFBC}") = "CleanArch.Infra.Data", "CleanArch.Infra.Data\CleanArch.Infra.Data.csproj", "{03A3F201-4168-4265-B468-504094C7F374}"
EndProject
Global
	GlobalSection(SolutionConfigurationPlatforms) = preSolution
		Debug|Any CPU = Debug|Any CPU
		Release|Any CPU = Release|Any CPU
	EndGlobalSection
	GlobalSection(ProjectConfigurationPlatforms) = postSolution
		{41BB3555-BCC8-4A6D-9593-7CF6D3A34D7B}.Debug|Any CPU.ActiveCfg = Debug|Any CPU
		{41BB3555-BCC8-4A6D-9593-7CF6D3A34D7B}.Debug|Any CPU.Build.0 = Debug|Any CPU
		{41BB3555-BCC8-4A6D-9593-7CF6D3A34D7B}.Release|Any CPU.ActiveCfg = Release|Any CPU
		{41BB3555-BCC8-4A6D-9593-7CF6D3A34D7B}.Release|Any CPU.Build.0 = Release|Any CPU
		{3B2BF8B5-3B2E-44F4-B77F-C634916582B6}.Debug|Any CPU.ActiveCfg = Debug|Any CPU
		{3B2BF8B5-3B2E-44F4-B77F-C634916582B6}.Debug|Any CPU.Build.0 = Debug|Any CPU
		{3B2BF8B5-3B2E-44F4-B77F-C634916582B6}.Release|Any CPU.ActiveCfg = Release|Any CPU
		{3B2BF8B5-3B2E-44F4-B77F-C634916582B6}.Release|Any CPU.Build.0 = Release|Any CPU
		{03A3F201-4168-4265-B468-504094C7F374}.Debug|Any CPU.ActiveCfg = Debug|Any CPU
		{03A3F201-4168-4265-B468-504094C7F374}.Debug|Any CPU.Build.0 = Debug|Any CPU
		{03A3F201-4168-4265-B468-504094C7F374}.Release|Any CPU.ActiveCfg = Release|Any CPU
		{03A3F201-4168-4265-B468-504094C7F374}.Release|Any CPU.Build.0 = Release|Any CPU
	EndGlobalSection
	GlobalSection(SolutionProperties) = preSolution
		HideSolutionNode = FALSE
	EndGlobalSection
	GlobalSection(NestedProjects) = preSolution
		{41BB3555-BCC8-4A6D-9593-7CF6D3A34D7B} = {8E6EDE72-B70F-4FDE-B7A2-1E84D9E8F2A9}
		{3B2BF8B5-3B2E-44F4-B77F-C634916582B6} = {63C6C7F7-67F5-4F16-8B80-56384BEA09C2}
		{03A3F201-4168-4265-B468-504094C7F374} = {D9A77EE8-86BF-4852-85F5-9E448DDF88E8}
	EndGlobalSection
	GlobalSection(ExtensibilityGlobals) = postSolution
		SolutionGuid = {50782779-7D41-4ABE-8190-F657BCEEAF5F}
	EndGlobalSection
EndGlobal
